// !$*UTF8*$!
{
	archiveVersion = 1;
	classes = {
	};
	objectVersion = 56;
	objects = {

/* Begin PBXBuildFile section */
		8EC651E32AFB894700406EAB /* Demo1PayApp.swift in Sources */ = {isa = PBXBuildFile; fileRef = 8EC651E22AFB894700406EAB /* Demo1PayApp.swift */; };
		8EC651E52AFB894700406EAB /* ContentView.swift in Sources */ = {isa = PBXBuildFile; fileRef = 8EC651E42AFB894700406EAB /* ContentView.swift */; };
		8EC651E72AFB894700406EAB /* Assets.xcassets in Resources */ = {isa = PBXBuildFile; fileRef = 8EC651E62AFB894700406EAB /* Assets.xcassets */; };
		8EC651EA2AFB894700406EAB /* Preview Assets.xcassets in Resources */ = {isa = PBXBuildFile; fileRef = 8EC651E92AFB894700406EAB /* Preview Assets.xcassets */; };
		8EC651F42AFB894800406EAB /* Demo1PayTests.swift in Sources */ = {isa = PBXBuildFile; fileRef = 8EC651F32AFB894800406EAB /* Demo1PayTests.swift */; };
		8EC651FE2AFB894800406EAB /* Demo1PayUITests.swift in Sources */ = {isa = PBXBuildFile; fileRef = 8EC651FD2AFB894800406EAB /* Demo1PayUITests.swift */; };
		8EC652002AFB894800406EAB /* Demo1PayUITestsLaunchTests.swift in Sources */ = {isa = PBXBuildFile; fileRef = 8EC651FF2AFB894800406EAB /* Demo1PayUITestsLaunchTests.swift */; };
		8EC6520D2AFB8AC400406EAB /* Constants.swift in Sources */ = {isa = PBXBuildFile; fileRef = 8EC6520C2AFB8AC400406EAB /* Constants.swift */; };
		8EC6520F2AFB8BB200406EAB /* PaymentWebView.swift in Sources */ = {isa = PBXBuildFile; fileRef = 8EC6520E2AFB8BB200406EAB /* PaymentWebView.swift */; };
/* End PBXBuildFile section */

/* Begin PBXContainerItemProxy section */
		8EC651F02AFB894800406EAB /* PBXContainerItemProxy */ = {
			isa = PBXContainerItemProxy;
			containerPortal = 8EC651D72AFB894700406EAB /* Project object */;
			proxyType = 1;
			remoteGlobalIDString = 8EC651DE2AFB894700406EAB;
			remoteInfo = Demo1Pay;
		};
		8EC651FA2AFB894800406EAB /* PBXContainerItemProxy */ = {
			isa = PBXContainerItemProxy;
			containerPortal = 8EC651D72AFB894700406EAB /* Project object */;
			proxyType = 1;
			remoteGlobalIDString = 8EC651DE2AFB894700406EAB;
			remoteInfo = Demo1Pay;
		};
/* End PBXContainerItemProxy section */

/* Begin PBXFileReference section */
		8EC651DF2AFB894700406EAB /* Demo1Pay.app */ = {isa = PBXFileReference; explicitFileType = wrapper.application; includeInIndex = 0; path = Demo1Pay.app; sourceTree = BUILT_PRODUCTS_DIR; };
		8EC651E22AFB894700406EAB /* Demo1PayApp.swift */ = {isa = PBXFileReference; lastKnownFileType = sourcecode.swift; path = Demo1PayApp.swift; sourceTree = "<group>"; };
		8EC651E42AFB894700406EAB /* ContentView.swift */ = {isa = PBXFileReference; lastKnownFileType = sourcecode.swift; path = ContentView.swift; sourceTree = "<group>"; };
		8EC651E62AFB894700406EAB /* Assets.xcassets */ = {isa = PBXFileReference; lastKnownFileType = folder.assetcatalog; path = Assets.xcassets; sourceTree = "<group>"; };
		8EC651E92AFB894700406EAB /* Preview Assets.xcassets */ = {isa = PBXFileReference; lastKnownFileType = folder.assetcatalog; path = "Preview Assets.xcassets"; sourceTree = "<group>"; };
		8EC651EF2AFB894800406EAB /* Demo1PayTests.xctest */ = {isa = PBXFileReference; explicitFileType = wrapper.cfbundle; includeInIndex = 0; path = Demo1PayTests.xctest; sourceTree = BUILT_PRODUCTS_DIR; };
		8EC651F32AFB894800406EAB /* Demo1PayTests.swift */ = {isa = PBXFileReference; lastKnownFileType = sourcecode.swift; path = Demo1PayTests.swift; sourceTree = "<group>"; };
		8EC651F92AFB894800406EAB /* Demo1PayUITests.xctest */ = {isa = PBXFileReference; explicitFileType = wrapper.cfbundle; includeInIndex = 0; path = Demo1PayUITests.xctest; sourceTree = BUILT_PRODUCTS_DIR; };
		8EC651FD2AFB894800406EAB /* Demo1PayUITests.swift */ = {isa = PBXFileReference; lastKnownFileType = sourcecode.swift; path = Demo1PayUITests.swift; sourceTree = "<group>"; };
		8EC651FF2AFB894800406EAB /* Demo1PayUITestsLaunchTests.swift */ = {isa = PBXFileReference; lastKnownFileType = sourcecode.swift; path = Demo1PayUITestsLaunchTests.swift; sourceTree = "<group>"; };
		8EC6520C2AFB8AC400406EAB /* Constants.swift */ = {isa = PBXFileReference; lastKnownFileType = sourcecode.swift; path = Constants.swift; sourceTree = "<group>"; };
		8EC6520E2AFB8BB200406EAB /* PaymentWebView.swift */ = {isa = PBXFileReference; lastKnownFileType = sourcecode.swift; path = PaymentWebView.swift; sourceTree = "<group>"; };
/* End PBXFileReference section */

/* Begin PBXFrameworksBuildPhase section */
		8EC651DC2AFB894700406EAB /* Frameworks */ = {
			isa = PBXFrameworksBuildPhase;
			buildActionMask = 2147483647;
			files = (
			);
			runOnlyForDeploymentPostprocessing = 0;
		};
		8EC651EC2AFB894800406EAB /* Frameworks */ = {
			isa = PBXFrameworksBuildPhase;
			buildActionMask = 2147483647;
			files = (
			);
			runOnlyForDeploymentPostprocessing = 0;
		};
		8EC651F62AFB894800406EAB /* Frameworks */ = {
			isa = PBXFrameworksBuildPhase;
			buildActionMask = 2147483647;
			files = (
			);
			runOnlyForDeploymentPostprocessing = 0;
		};
/* End PBXFrameworksBuildPhase section */

/* Begin PBXGroup section */
		8EC651D62AFB894700406EAB = {
			isa = PBXGroup;
			children = (
				8EC651E12AFB894700406EAB /* Demo1Pay */,
				8EC651F22AFB894800406EAB /* Demo1PayTests */,
				8EC651FC2AFB894800406EAB /* Demo1PayUITests */,
				8EC651E02AFB894700406EAB /* Products */,
			);
			sourceTree = "<group>";
		};
		8EC651E02AFB894700406EAB /* Products */ = {
			isa = PBXGroup;
			children = (
				8EC651DF2AFB894700406EAB /* Demo1Pay.app */,
				8EC651EF2AFB894800406EAB /* Demo1PayTests.xctest */,
				8EC651F92AFB894800406EAB /* Demo1PayUITests.xctest */,
			);
			name = Products;
			sourceTree = "<group>";
		};
		8EC651E12AFB894700406EAB /* Demo1Pay */ = {
			isa = PBXGroup;
			children = (
				8EC651E22AFB894700406EAB /* Demo1PayApp.swift */,
				8EC651E42AFB894700406EAB /* ContentView.swift */,
				8EC651E62AFB894700406EAB /* Assets.xcassets */,
				8EC651E82AFB894700406EAB /* Preview Content */,
				8EC6520C2AFB8AC400406EAB /* Constants.swift */,
				8EC6520E2AFB8BB200406EAB /* PaymentWebView.swift */,
			);
			path = Demo1Pay;
			sourceTree = "<group>";
		};
		8EC651E82AFB894700406EAB /* Preview Content */ = {
			isa = PBXGroup;
			children = (
				8EC651E92AFB894700406EAB /* Preview Assets.xcassets */,
			);
			path = "Preview Content";
			sourceTree = "<group>";
		};
		8EC651F22AFB894800406EAB /* Demo1PayTests */ = {
			isa = PBXGroup;
			children = (
				8EC651F32AFB894800406EAB /* Demo1PayTests.swift */,
			);
			path = Demo1PayTests;
			sourceTree = "<group>";
		};
		8EC651FC2AFB894800406EAB /* Demo1PayUITests */ = {
			isa = PBXGroup;
			children = (
				8EC651FD2AFB894800406EAB /* Demo1PayUITests.swift */,
				8EC651FF2AFB894800406EAB /* Demo1PayUITestsLaunchTests.swift */,
			);
			path = Demo1PayUITests;
			sourceTree = "<group>";
		};
/* End PBXGroup section */

/* Begin PBXNativeTarget section */
		8EC651DE2AFB894700406EAB /* Demo1Pay */ = {
			isa = PBXNativeTarget;
			buildConfigurationList = 8EC652032AFB894800406EAB /* Build configuration list for PBXNativeTarget "Demo1Pay" */;
			buildPhases = (
				8EC651DB2AFB894700406EAB /* Sources */,
				8EC651DC2AFB894700406EAB /* Frameworks */,
				8EC651DD2AFB894700406EAB /* Resources */,
			);
			buildRules = (
			);
			dependencies = (
			);
			name = Demo1Pay;
			productName = Demo1Pay;
			productReference = 8EC651DF2AFB894700406EAB /* Demo1Pay.app */;
			productType = "com.apple.product-type.application";
		};
		8EC651EE2AFB894800406EAB /* Demo1PayTests */ = {
			isa = PBXNativeTarget;
			buildConfigurationList = 8EC652062AFB894800406EAB /* Build configuration list for PBXNativeTarget "Demo1PayTests" */;
			buildPhases = (
				8EC651EB2AFB894800406EAB /* Sources */,
				8EC651EC2AFB894800406EAB /* Frameworks */,
				8EC651ED2AFB894800406EAB /* Resources */,
			);
			buildRules = (
			);
			dependencies = (
				8EC651F12AFB894800406EAB /* PBXTargetDependency */,
			);
			name = Demo1PayTests;
			productName = Demo1PayTests;
			productReference = 8EC651EF2AFB894800406EAB /* Demo1PayTests.xctest */;
			productType = "com.apple.product-type.bundle.unit-test";
		};
		8EC651F82AFB894800406EAB /* Demo1PayUITests */ = {
			isa = PBXNativeTarget;
			buildConfigurationList = 8EC652092AFB894800406EAB /* Build configuration list for PBXNativeTarget "Demo1PayUITests" */;
			buildPhases = (
				8EC651F52AFB894800406EAB /* Sources */,
				8EC651F62AFB894800406EAB /* Frameworks */,
				8EC651F72AFB894800406EAB /* Resources */,
			);
			buildRules = (
			);
			dependencies = (
				8EC651FB2AFB894800406EAB /* PBXTargetDependency */,
			);
			name = Demo1PayUITests;
			productName = Demo1PayUITests;
			productReference = 8EC651F92AFB894800406EAB /* Demo1PayUITests.xctest */;
			productType = "com.apple.product-type.bundle.ui-testing";
		};
/* End PBXNativeTarget section */

/* Begin PBXProject section */
		8EC651D72AFB894700406EAB /* Project object */ = {
			isa = PBXProject;
			attributes = {
				BuildIndependentTargetsInParallel = 1;
				LastSwiftUpdateCheck = 1420;
				LastUpgradeCheck = 1420;
				TargetAttributes = {
					8EC651DE2AFB894700406EAB = {
						CreatedOnToolsVersion = 14.2;
					};
					8EC651EE2AFB894800406EAB = {
						CreatedOnToolsVersion = 14.2;
						TestTargetID = 8EC651DE2AFB894700406EAB;
					};
					8EC651F82AFB894800406EAB = {
						CreatedOnToolsVersion = 14.2;
						TestTargetID = 8EC651DE2AFB894700406EAB;
					};
				};
			};
			buildConfigurationList = 8EC651DA2AFB894700406EAB /* Build configuration list for PBXProject "Demo1Pay" */;
			compatibilityVersion = "Xcode 14.0";
			developmentRegion = en;
			hasScannedForEncodings = 0;
			knownRegions = (
				en,
				Base,
			);
			mainGroup = 8EC651D62AFB894700406EAB;
			productRefGroup = 8EC651E02AFB894700406EAB /* Products */;
			projectDirPath = "";
			projectRoot = "";
			targets = (
				8EC651DE2AFB894700406EAB /* Demo1Pay */,
				8EC651EE2AFB894800406EAB /* Demo1PayTests */,
				8EC651F82AFB894800406EAB /* Demo1PayUITests */,
			);
		};
/* End PBXProject section */

/* Begin PBXResourcesBuildPhase section */
		8EC651DD2AFB894700406EAB /* Resources */ = {
			isa = PBXResourcesBuildPhase;
			buildActionMask = 2147483647;
			files = (
				8EC651EA2AFB894700406EAB /* Preview Assets.xcassets in Resources */,
				8EC651E72AFB894700406EAB /* Assets.xcassets in Resources */,
			);
			runOnlyForDeploymentPostprocessing = 0;
		};
		8EC651ED2AFB894800406EAB /* Resources */ = {
			isa = PBXResourcesBuildPhase;
			buildActionMask = 2147483647;
			files = (
			);
			runOnlyForDeploymentPostprocessing = 0;
		};
		8EC651F72AFB894800406EAB /* Resources */ = {
			isa = PBXResourcesBuildPhase;
			buildActionMask = 2147483647;
			files = (
			);
			runOnlyForDeploymentPostprocessing = 0;
		};
/* End PBXResourcesBuildPhase section */

/* Begin PBXSourcesBuildPhase section */
		8EC651DB2AFB894700406EAB /* Sources */ = {
			isa = PBXSourcesBuildPhase;
			buildActionMask = 2147483647;
			files = (
				8EC651E52AFB894700406EAB /* ContentView.swift in Sources */,
				8EC6520F2AFB8BB200406EAB /* PaymentWebView.swift in Sources */,
				8EC651E32AFB894700406EAB /* Demo1PayApp.swift in Sources */,
				8EC6520D2AFB8AC400406EAB /* Constants.swift in Sources */,
			);
			runOnlyForDeploymentPostprocessing = 0;
		};
		8EC651EB2AFB894800406EAB /* Sources */ = {
			isa = PBXSourcesBuildPhase;
			buildActionMask = 2147483647;
			files = (
				8EC651F42AFB894800406EAB /* Demo1PayTests.swift in Sources */,
			);
			runOnlyForDeploymentPostprocessing = 0;
		};
		8EC651F52AFB894800406EAB /* Sources */ = {
			isa = PBXSourcesBuildPhase;
			buildActionMask = 2147483647;
			files = (
				8EC652002AFB894800406EAB /* Demo1PayUITestsLaunchTests.swift in Sources */,
				8EC651FE2AFB894800406EAB /* Demo1PayUITests.swift in Sources */,
			);
			runOnlyForDeploymentPostprocessing = 0;
		};
/* End PBXSourcesBuildPhase section */

/* Begin PBXTargetDependency section */
		8EC651F12AFB894800406EAB /* PBXTargetDependency */ = {
			isa = PBXTargetDependency;
			target = 8EC651DE2AFB894700406EAB /* Demo1Pay */;
			targetProxy = 8EC651F02AFB894800406EAB /* PBXContainerItemProxy */;
		};
		8EC651FB2AFB894800406EAB /* PBXTargetDependency */ = {
			isa = PBXTargetDependency;
			target = 8EC651DE2AFB894700406EAB /* Demo1Pay */;
			targetProxy = 8EC651FA2AFB894800406EAB /* PBXContainerItemProxy */;
		};
/* End PBXTargetDependency section */

/* Begin XCBuildConfiguration section */
		8EC652012AFB894800406EAB /* Debug */ = {
			isa = XCBuildConfiguration;
			buildSettings = {
				ALWAYS_SEARCH_USER_PATHS = NO;
				CLANG_ANALYZER_NONNULL = YES;
				CLANG_ANALYZER_NUMBER_OBJECT_CONVERSION = YES_AGGRESSIVE;
				CLANG_CXX_LANGUAGE_STANDARD = "gnu++20";
				CLANG_ENABLE_MODULES = YES;
				CLANG_ENABLE_OBJC_ARC = YES;
				CLANG_ENABLE_OBJC_WEAK = YES;
				CLANG_WARN_BLOCK_CAPTURE_AUTORELEASING = YES;
				CLANG_WARN_BOOL_CONVERSION = YES;
				CLANG_WARN_COMMA = YES;
				CLANG_WARN_CONSTANT_CONVERSION = YES;
				CLANG_WARN_DEPRECATED_OBJC_IMPLEMENTATIONS = YES;
				CLANG_WARN_DIRECT_OBJC_ISA_USAGE = YES_ERROR;
				CLANG_WARN_DOCUMENTATION_COMMENTS = YES;
				CLANG_WARN_EMPTY_BODY = YES;
				CLANG_WARN_ENUM_CONVERSION = YES;
				CLANG_WARN_INFINITE_RECURSION = YES;
				CLANG_WARN_INT_CONVERSION = YES;
				CLANG_WARN_NON_LITERAL_NULL_CONVERSION = YES;
				CLANG_WARN_OBJC_IMPLICIT_RETAIN_SELF = YES;
				CLANG_WARN_OBJC_LITERAL_CONVERSION = YES;
				CLANG_WARN_OBJC_ROOT_CLASS = YES_ERROR;
				CLANG_WARN_QUOTED_INCLUDE_IN_FRAMEWORK_HEADER = YES;
				CLANG_WARN_RANGE_LOOP_ANALYSIS = YES;
				CLANG_WARN_STRICT_PROTOTYPES = YES;
				CLANG_WARN_SUSPICIOUS_MOVE = YES;
				CLANG_WARN_UNGUARDED_AVAILABILITY = YES_AGGRESSIVE;
				CLANG_WARN_UNREACHABLE_CODE = YES;
				CLANG_WARN__DUPLICATE_METHOD_MATCH = YES;
				COPY_PHASE_STRIP = NO;
				DEBUG_INFORMATION_FORMAT = dwarf;
				ENABLE_STRICT_OBJC_MSGSEND = YES;
				ENABLE_TESTABILITY = YES;
				GCC_C_LANGUAGE_STANDARD = gnu11;
				GCC_DYNAMIC_NO_PIC = NO;
				GCC_NO_COMMON_BLOCKS = YES;
				GCC_OPTIMIZATION_LEVEL = 0;
				GCC_PREPROCESSOR_DEFINITIONS = (
					"DEBUG=1",
					"$(inherited)",
				);
				GCC_WARN_64_TO_32_BIT_CONVERSION = YES;
				GCC_WARN_ABOUT_RETURN_TYPE = YES_ERROR;
				GCC_WARN_UNDECLARED_SELECTOR = YES;
				GCC_WARN_UNINITIALIZED_AUTOS = YES_AGGRESSIVE;
				GCC_WARN_UNUSED_FUNCTION = YES;
				GCC_WARN_UNUSED_VARIABLE = YES;
				IPHONEOS_DEPLOYMENT_TARGET = 16.2;
				MTL_ENABLE_DEBUG_INFO = INCLUDE_SOURCE;
				MTL_FAST_MATH = YES;
				ONLY_ACTIVE_ARCH = YES;
				SDKROOT = iphoneos;
				SWIFT_ACTIVE_COMPILATION_CONDITIONS = DEBUG;
				SWIFT_OPTIMIZATION_LEVEL = "-Onone";
			};
			name = Debug;
		};
		8EC652022AFB894800406EAB /* Release */ = {
			isa = XCBuildConfiguration;
			buildSettings = {
				ALWAYS_SEARCH_USER_PATHS = NO;
				CLANG_ANALYZER_NONNULL = YES;
				CLANG_ANALYZER_NUMBER_OBJECT_CONVERSION = YES_AGGRESSIVE;
				CLANG_CXX_LANGUAGE_STANDARD = "gnu++20";
				CLANG_ENABLE_MODULES = YES;
				CLANG_ENABLE_OBJC_ARC = YES;
				CLANG_ENABLE_OBJC_WEAK = YES;
				CLANG_WARN_BLOCK_CAPTURE_AUTORELEASING = YES;
				CLANG_WARN_BOOL_CONVERSION = YES;
				CLANG_WARN_COMMA = YES;
				CLANG_WARN_CONSTANT_CONVERSION = YES;
				CLANG_WARN_DEPRECATED_OBJC_IMPLEMENTATIONS = YES;
				CLANG_WARN_DIRECT_OBJC_ISA_USAGE = YES_ERROR;
				CLANG_WARN_DOCUMENTATION_COMMENTS = YES;
				CLANG_WARN_EMPTY_BODY = YES;
				CLANG_WARN_ENUM_CONVERSION = YES;
				CLANG_WARN_INFINITE_RECURSION = YES;
				CLANG_WARN_INT_CONVERSION = YES;
				CLANG_WARN_NON_LITERAL_NULL_CONVERSION = YES;
				CLANG_WARN_OBJC_IMPLICIT_RETAIN_SELF = YES;
				CLANG_WARN_OBJC_LITERAL_CONVERSION = YES;
				CLANG_WARN_OBJC_ROOT_CLASS = YES_ERROR;
				CLANG_WARN_QUOTED_INCLUDE_IN_FRAMEWORK_HEADER = YES;
				CLANG_WARN_RANGE_LOOP_ANALYSIS = YES;
				CLANG_WARN_STRICT_PROTOTYPES = YES;
				CLANG_WARN_SUSPICIOUS_MOVE = YES;
				CLANG_WARN_UNGUARDED_AVAILABILITY = YES_AGGRESSIVE;
				CLANG_WARN_UNREACHABLE_CODE = YES;
				CLANG_WARN__DUPLICATE_METHOD_MATCH = YES;
				COPY_PHASE_STRIP = NO;
				DEBUG_INFORMATION_FORMAT = "dwarf-with-dsym";
				ENABLE_NS_ASSERTIONS = NO;
				ENABLE_STRICT_OBJC_MSGSEND = YES;
				GCC_C_LANGUAGE_STANDARD = gnu11;
				GCC_NO_COMMON_BLOCKS = YES;
				GCC_WARN_64_TO_32_BIT_CONVERSION = YES;
				GCC_WARN_ABOUT_RETURN_TYPE = YES_ERROR;
				GCC_WARN_UNDECLARED_SELECTOR = YES;
				GCC_WARN_UNINITIALIZED_AUTOS = YES_AGGRESSIVE;
				GCC_WARN_UNUSED_FUNCTION = YES;
				GCC_WARN_UNUSED_VARIABLE = YES;
				IPHONEOS_DEPLOYMENT_TARGET = 16.2;
				MTL_ENABLE_DEBUG_INFO = NO;
				MTL_FAST_MATH = YES;
				SDKROOT = iphoneos;
				SWIFT_COMPILATION_MODE = wholemodule;
				SWIFT_OPTIMIZATION_LEVEL = "-O";
				VALIDATE_PRODUCT = YES;
			};
			name = Release;
		};
		8EC652042AFB894800406EAB /* Debug */ = {
			isa = XCBuildConfiguration;
			buildSettings = {
				ASSETCATALOG_COMPILER_APPICON_NAME = AppIcon;
				ASSETCATALOG_COMPILER_GLOBAL_ACCENT_COLOR_NAME = AccentColor;
				CODE_SIGN_STYLE = Automatic;
				CURRENT_PROJECT_VERSION = 1;
				DEVELOPMENT_ASSET_PATHS = "\"Demo1Pay/Preview Content\"";
				DEVELOPMENT_TEAM = "";
				ENABLE_PREVIEWS = YES;
				GENERATE_INFOPLIST_FILE = YES;
				INFOPLIST_KEY_UIApplicationSceneManifest_Generation = YES;
				INFOPLIST_KEY_UIApplicationSupportsIndirectInputEvents = YES;
				INFOPLIST_KEY_UILaunchScreen_Generation = YES;
				INFOPLIST_KEY_UISupportedInterfaceOrientations_iPad = "UIInterfaceOrientationPortrait UIInterfaceOrientationPortraitUpsideDown UIInterfaceOrientationLandscapeLeft UIInterfaceOrientationLandscapeRight";
				INFOPLIST_KEY_UISupportedInterfaceOrientations_iPhone = "UIInterfaceOrientationPortrait UIInterfaceOrientationLandscapeLeft UIInterfaceOrientationLandscapeRight";
				LD_RUNPATH_SEARCH_PATHS = (
					"$(inherited)",
					"@executable_path/Frameworks",
				);
				MARKETING_VERSION = 1.0;
				PRODUCT_BUNDLE_IDENTIFIER = network.1pay.Demo1Pay;
				PRODUCT_NAME = "$(TARGET_NAME)";
				SUPPORTED_PLATFORMS = "iphoneos iphonesimulator";
				SUPPORTS_MACCATALYST = NO;
				SUPPORTS_MAC_DESIGNED_FOR_IPHONE_IPAD = NO;
				SWIFT_EMIT_LOC_STRINGS = YES;
				SWIFT_VERSION = 5.0;
				TARGETED_DEVICE_FAMILY = "1,2";
			};
			name = Debug;
		};
		8EC652052AFB894800406EAB /* Release */ = {
			isa = XCBuildConfiguration;
			buildSettings = {
				ASSETCATALOG_COMPILER_APPICON_NAME = AppIcon;
				ASSETCATALOG_COMPILER_GLOBAL_ACCENT_COLOR_NAME = AccentColor;
				CODE_SIGN_STYLE = Automatic;
				CURRENT_PROJECT_VERSION = 1;
				DEVELOPMENT_ASSET_PATHS = "\"Demo1Pay/Preview Content\"";
				DEVELOPMENT_TEAM = "";
				ENABLE_PREVIEWS = YES;
				GENERATE_INFOPLIST_FILE = YES;
				INFOPLIST_KEY_UIApplicationSceneManifest_Generation = YES;
				INFOPLIST_KEY_UIApplicationSupportsIndirectInputEvents = YES;
				INFOPLIST_KEY_UILaunchScreen_Generation = YES;
				INFOPLIST_KEY_UISupportedInterfaceOrientations_iPad = "UIInterfaceOrientationPortrait UIInterfaceOrientationPortraitUpsideDown UIInterfaceOrientationLandscapeLeft UIInterfaceOrientationLandscapeRight";
				INFOPLIST_KEY_UISupportedInterfaceOrientations_iPhone = "UIInterfaceOrientationPortrait UIInterfaceOrientationLandscapeLeft UIInterfaceOrientationLandscapeRight";
				LD_RUNPATH_SEARCH_PATHS = (
					"$(inherited)",
					"@executable_path/Frameworks",
				);
				MARKETING_VERSION = 1.0;
				PRODUCT_BUNDLE_IDENTIFIER = network.1pay.Demo1Pay;
				PRODUCT_NAME = "$(TARGET_NAME)";
				SUPPORTED_PLATFORMS = "iphoneos iphonesimulator";
				SUPPORTS_MACCATALYST = NO;
				SUPPORTS_MAC_DESIGNED_FOR_IPHONE_IPAD = NO;
				SWIFT_EMIT_LOC_STRINGS = YES;
				SWIFT_VERSION = 5.0;
				TARGETED_DEVICE_FAMILY = "1,2";
			};
			name = Release;
		};
		8EC652072AFB894800406EAB /* Debug */ = {
			isa = XCBuildConfiguration;
			buildSettings = {
				ALWAYS_EMBED_SWIFT_STANDARD_LIBRARIES = YES;
				BUNDLE_LOADER = "$(TEST_HOST)";
				CODE_SIGN_STYLE = Automatic;
				CURRENT_PROJECT_VERSION = 1;
				DEVELOPMENT_TEAM = 9Y744X8C7B;
				GENERATE_INFOPLIST_FILE = YES;
				IPHONEOS_DEPLOYMENT_TARGET = 16.2;
				MARKETING_VERSION = 1.0;
				PRODUCT_BUNDLE_IDENTIFIER = network.1pay.Demo1PayTests;
				PRODUCT_NAME = "$(TARGET_NAME)";
				SWIFT_EMIT_LOC_STRINGS = NO;
				SWIFT_VERSION = 5.0;
				TARGETED_DEVICE_FAMILY = "1,2";
				TEST_HOST = "$(BUILT_PRODUCTS_DIR)/Demo1Pay.app/$(BUNDLE_EXECUTABLE_FOLDER_PATH)/Demo1Pay";
			};
			name = Debug;
		};
		8EC652082AFB894800406EAB /* Release */ = {
			isa = XCBuildConfiguration;
			buildSettings = {
				ALWAYS_EMBED_SWIFT_STANDARD_LIBRARIES = YES;
				BUNDLE_LOADER = "$(TEST_HOST)";
				CODE_SIGN_STYLE = Automatic;
				CURRENT_PROJECT_VERSION = 1;
				DEVELOPMENT_TEAM = 9Y744X8C7B;
				GENERATE_INFOPLIST_FILE = YES;
				IPHONEOS_DEPLOYMENT_TARGET = 16.2;
				MARKETING_VERSION = 1.0;
				PRODUCT_BUNDLE_IDENTIFIER = network.1pay.Demo1PayTests;
				PRODUCT_NAME = "$(TARGET_NAME)";
				SWIFT_EMIT_LOC_STRINGS = NO;
				SWIFT_VERSION = 5.0;
				TARGETED_DEVICE_FAMILY = "1,2";
				TEST_HOST = "$(BUILT_PRODUCTS_DIR)/Demo1Pay.app/$(BUNDLE_EXECUTABLE_FOLDER_PATH)/Demo1Pay";
			};
			name = Release;
		};
		8EC6520A2AFB894800406EAB /* Debug */ = {
			isa = XCBuildConfiguration;
			buildSettings = {
				ALWAYS_EMBED_SWIFT_STANDARD_LIBRARIES = YES;
				CODE_SIGN_STYLE = Automatic;
				CURRENT_PROJECT_VERSION = 1;
				DEVELOPMENT_TEAM = 9Y744X8C7B;
				GENERATE_INFOPLIST_FILE = YES;
				MARKETING_VERSION = 1.0;
				PRODUCT_BUNDLE_IDENTIFIER = network.1pay.Demo1PayUITests;
				PRODUCT_NAME = "$(TARGET_NAME)";
				SWIFT_EMIT_LOC_STRINGS = NO;
				SWIFT_VERSION = 5.0;
				TARGETED_DEVICE_FAMILY = "1,2";
				TEST_TARGET_NAME = Demo1Pay;
			};
			name = Debug;
		};
		8EC6520B2AFB894800406EAB /* Release */ = {
			isa = XCBuildConfiguration;
			buildSettings = {
				ALWAYS_EMBED_SWIFT_STANDARD_LIBRARIES = YES;
				CODE_SIGN_STYLE = Automatic;
				CURRENT_PROJECT_VERSION = 1;
				DEVELOPMENT_TEAM = 9Y744X8C7B;
				GENERATE_INFOPLIST_FILE = YES;
				MARKETING_VERSION = 1.0;
				PRODUCT_BUNDLE_IDENTIFIER = network.1pay.Demo1PayUITests;
				PRODUCT_NAME = "$(TARGET_NAME)";
				SWIFT_EMIT_LOC_STRINGS = NO;
				SWIFT_VERSION = 5.0;
				TARGETED_DEVICE_FAMILY = "1,2";
				TEST_TARGET_NAME = Demo1Pay;
			};
			name = Release;
		};
/* End XCBuildConfiguration section */

/* Begin XCConfigurationList section */
		8EC651DA2AFB894700406EAB /* Build configuration list for PBXProject "Demo1Pay" */ = {
			isa = XCConfigurationList;
			buildConfigurations = (
				8EC652012AFB894800406EAB /* Debug */,
				8EC652022AFB894800406EAB /* Release */,
			);
			defaultConfigurationIsVisible = 0;
			defaultConfigurationName = Release;
		};
		8EC652032AFB894800406EAB /* Build configuration list for PBXNativeTarget "Demo1Pay" */ = {
			isa = XCConfigurationList;
			buildConfigurations = (
				8EC652042AFB894800406EAB /* Debug */,
				8EC652052AFB894800406EAB /* Release */,
			);
			defaultConfigurationIsVisible = 0;
			defaultConfigurationName = Release;
		};
		8EC652062AFB894800406EAB /* Build configuration list for PBXNativeTarget "Demo1PayTests" */ = {
			isa = XCConfigurationList;
			buildConfigurations = (
				8EC652072AFB894800406EAB /* Debug */,
				8EC652082AFB894800406EAB /* Release */,
			);
			defaultConfigurationIsVisible = 0;
			defaultConfigurationName = Release;
		};
		8EC652092AFB894800406EAB /* Build configuration list for PBXNativeTarget "Demo1PayUITests" */ = {
			isa = XCConfigurationList;
			buildConfigurations = (
				8EC6520A2AFB894800406EAB /* Debug */,
				8EC6520B2AFB894800406EAB /* Release */,
			);
			defaultConfigurationIsVisible = 0;
			defaultConfigurationName = Release;
		};
/* End XCConfigurationList section */
	};
	rootObject = 8EC651D72AFB894700406EAB /* Project object */;
}
